
Microsoft Visual Studio Solution File, Format Version 12.00
# Visual Studio 2012
Project("{FAE04EC0-301F-11D3-BF4B-00C04F79EFBC}") = "VeterinariaJimenez", "VeterinariaJimenez\VeterinariaJimenez.csproj", "{7DFC7C42-90D5-4947-BF36-6BCCD5D31AFF}"
EndProject
Global
	GlobalSection(SolutionConfigurationPlatforms) = preSolution
		Debug|Any CPU = Debug|Any CPU
		Release|Any CPU = Release|Any CPU
	EndGlobalSection
	GlobalSection(ProjectConfigurationPlatforms) = postSolution
		{7DFC7C42-90D5-4947-BF36-6BCCD5D31AFF}.Debug|Any CPU.ActiveCfg = Debug|Any CPU
		{7DFC7C42-90D5-4947-BF36-6BCCD5D31AFF}.Debug|Any CPU.Build.0 = Debug|Any CPU
		{7DFC7C42-90D5-4947-BF36-6BCCD5D31AFF}.Release|Any CPU.ActiveCfg = Release|Any CPU
		{7DFC7C42-90D5-4947-BF36-6BCCD5D31AFF}.Release|Any CPU.Build.0 = Release|Any CPU
	EndGlobalSection
	GlobalSection(SolutionProperties) = preSolution
		HideSolutionNode = FALSE
	EndGlobalSection
EndGlobal
